
Microsoft Visual Studio Solution File, Format Version 12.00
# Visual Studio Version 16
VisualStudioVersion = 16.0.29411.108
MinimumVisualStudioVersion = 10.0.40219.1
Project("{9A19103F-16F7-4668-BE54-9A1E7A4F7556}") = "ARESCore", "ARESCore\ARESCore.csproj", "{2733EB86-52B3-4D4B-8687-291F3205D9AF}"
EndProject
Project("{9A19103F-16F7-4668-BE54-9A1E7A4F7556}") = "ARESSampleAnalysisPlugin", "AresSampleAnalysisPlugin\ARESSampleAnalysisPlugin.csproj", "{C8018515-EE4F-4BC5-B2A8-7E41D4D82040}"
EndProject
Project("{9A19103F-16F7-4668-BE54-9A1E7A4F7556}") = "ARESSamplePlanningPlugin", "ARESSamplePlanningPlugin\ARESSamplePlanningPlugin.csproj", "{3891038D-69B7-498E-89CE-4A9B6DF98997}"
EndProject
Project("{9A19103F-16F7-4668-BE54-9A1E7A4F7556}") = "AresSampleDevicesPlugin", "ARESSampleDevicesPlugin\AresSampleDevicesPlugin.csproj", "{2DC8FCE7-0455-47A6-AD19-541F7525CCD0}"
EndProject
Global
	GlobalSection(SolutionConfigurationPlatforms) = preSolution
		AdditiveDebug|Any CPU = AdditiveDebug|Any CPU
		AdditiveDebug|x64 = AdditiveDebug|x64
		AdditiveDebug|x86 = AdditiveDebug|x86
		CoreDebug|Any CPU = CoreDebug|Any CPU
		CoreDebug|x64 = CoreDebug|x64
		CoreDebug|x86 = CoreDebug|x86
		Debug|Any CPU = Debug|Any CPU
		Debug|x64 = Debug|x64
		Debug|x86 = Debug|x86
		Release|Any CPU = Release|Any CPU
		Release|x64 = Release|x64
		Release|x86 = Release|x86
		SampleDebug|Any CPU = SampleDebug|Any CPU
		SampleDebug|x64 = SampleDebug|x64
		SampleDebug|x86 = SampleDebug|x86
	EndGlobalSection
	GlobalSection(ProjectConfigurationPlatforms) = postSolution
		{2733EB86-52B3-4D4B-8687-291F3205D9AF}.AdditiveDebug|Any CPU.ActiveCfg = AdditiveDebug|x64
		{2733EB86-52B3-4D4B-8687-291F3205D9AF}.AdditiveDebug|Any CPU.Build.0 = AdditiveDebug|x64
		{2733EB86-52B3-4D4B-8687-291F3205D9AF}.AdditiveDebug|x64.ActiveCfg = AdditiveDebug|x64
		{2733EB86-52B3-4D4B-8687-291F3205D9AF}.AdditiveDebug|x64.Build.0 = AdditiveDebug|x64
		{2733EB86-52B3-4D4B-8687-291F3205D9AF}.AdditiveDebug|x86.ActiveCfg = AdditiveDebug|Any CPU
		{2733EB86-52B3-4D4B-8687-291F3205D9AF}.AdditiveDebug|x86.Build.0 = AdditiveDebug|Any CPU
		{2733EB86-52B3-4D4B-8687-291F3205D9AF}.CoreDebug|Any CPU.ActiveCfg = CoreDebug|Any CPU
		{2733EB86-52B3-4D4B-8687-291F3205D9AF}.CoreDebug|Any CPU.Build.0 = CoreDebug|Any CPU
		{2733EB86-52B3-4D4B-8687-291F3205D9AF}.CoreDebug|x64.ActiveCfg = CoreDebug|x64
		{2733EB86-52B3-4D4B-8687-291F3205D9AF}.CoreDebug|x64.Build.0 = CoreDebug|x64
		{2733EB86-52B3-4D4B-8687-291F3205D9AF}.CoreDebug|x86.ActiveCfg = CoreDebug|Any CPU
		{2733EB86-52B3-4D4B-8687-291F3205D9AF}.CoreDebug|x86.Build.0 = CoreDebug|Any CPU
		{2733EB86-52B3-4D4B-8687-291F3205D9AF}.Debug|Any CPU.ActiveCfg = CoreDebug|Any CPU
		{2733EB86-52B3-4D4B-8687-291F3205D9AF}.Debug|Any CPU.Build.0 = CoreDebug|Any CPU
		{2733EB86-52B3-4D4B-8687-291F3205D9AF}.Debug|x64.ActiveCfg = CNTDebug|x64
		{2733EB86-52B3-4D4B-8687-291F3205D9AF}.Debug|x64.Build.0 = CNTDebug|x64
		{2733EB86-52B3-4D4B-8687-291F3205D9AF}.Debug|x86.ActiveCfg = CoreDebug|Any CPU
		{2733EB86-52B3-4D4B-8687-291F3205D9AF}.Debug|x86.Build.0 = CoreDebug|Any CPU
		{2733EB86-52B3-4D4B-8687-291F3205D9AF}.Release|Any CPU.ActiveCfg = CoreDebug|Any CPU
		{2733EB86-52B3-4D4B-8687-291F3205D9AF}.Release|Any CPU.Build.0 = CoreDebug|Any CPU
		{2733EB86-52B3-4D4B-8687-291F3205D9AF}.Release|x64.ActiveCfg = CNTDebug|x64
		{2733EB86-52B3-4D4B-8687-291F3205D9AF}.Release|x64.Build.0 = CNTDebug|x64
		{2733EB86-52B3-4D4B-8687-291F3205D9AF}.Release|x86.ActiveCfg = CoreDebug|Any CPU
		{2733EB86-52B3-4D4B-8687-291F3205D9AF}.Release|x86.Build.0 = CoreDebug|Any CPU
		{2733EB86-52B3-4D4B-8687-291F3205D9AF}.SampleDebug|Any CPU.ActiveCfg = SampleDebug|x64
		{2733EB86-52B3-4D4B-8687-291F3205D9AF}.SampleDebug|x64.ActiveCfg = SampleDebug|x64
		{2733EB86-52B3-4D4B-8687-291F3205D9AF}.SampleDebug|x64.Build.0 = SampleDebug|x64
		{2733EB86-52B3-4D4B-8687-291F3205D9AF}.SampleDebug|x86.ActiveCfg = SampleDebug|x64
		{C8018515-EE4F-4BC5-B2A8-7E41D4D82040}.AdditiveDebug|Any CPU.ActiveCfg = SampleDebug|x64
		{C8018515-EE4F-4BC5-B2A8-7E41D4D82040}.AdditiveDebug|Any CPU.Build.0 = SampleDebug|x64
		{C8018515-EE4F-4BC5-B2A8-7E41D4D82040}.AdditiveDebug|x64.ActiveCfg = SampleDebug|x64
		{C8018515-EE4F-4BC5-B2A8-7E41D4D82040}.AdditiveDebug|x64.Build.0 = SampleDebug|x64
		{C8018515-EE4F-4BC5-B2A8-7E41D4D82040}.AdditiveDebug|x86.ActiveCfg = SampleDebug|x64
		{C8018515-EE4F-4BC5-B2A8-7E41D4D82040}.AdditiveDebug|x86.Build.0 = SampleDebug|x64
		{C8018515-EE4F-4BC5-B2A8-7E41D4D82040}.CoreDebug|Any CPU.ActiveCfg = SampleDebug|x64
		{C8018515-EE4F-4BC5-B2A8-7E41D4D82040}.CoreDebug|Any CPU.Build.0 = SampleDebug|x64
		{C8018515-EE4F-4BC5-B2A8-7E41D4D82040}.CoreDebug|x64.ActiveCfg = SampleDebug|x64
		{C8018515-EE4F-4BC5-B2A8-7E41D4D82040}.CoreDebug|x64.Build.0 = SampleDebug|x64
		{C8018515-EE4F-4BC5-B2A8-7E41D4D82040}.CoreDebug|x86.ActiveCfg = SampleDebug|x64
		{C8018515-EE4F-4BC5-B2A8-7E41D4D82040}.CoreDebug|x86.Build.0 = SampleDebug|x64
		{C8018515-EE4F-4BC5-B2A8-7E41D4D82040}.Debug|Any CPU.ActiveCfg = SampleDebug|x64
		{C8018515-EE4F-4BC5-B2A8-7E41D4D82040}.Debug|Any CPU.Build.0 = SampleDebug|x64
		{C8018515-EE4F-4BC5-B2A8-7E41D4D82040}.Debug|x64.ActiveCfg = SampleDebug|x64
		{C8018515-EE4F-4BC5-B2A8-7E41D4D82040}.Debug|x64.Build.0 = SampleDebug|x64
		{C8018515-EE4F-4BC5-B2A8-7E41D4D82040}.Debug|x86.ActiveCfg = SampleDebug|x64
		{C8018515-EE4F-4BC5-B2A8-7E41D4D82040}.Debug|x86.Build.0 = SampleDebug|x64
		{C8018515-EE4F-4BC5-B2A8-7E41D4D82040}.Release|Any CPU.ActiveCfg = SampleDebug|x64
		{C8018515-EE4F-4BC5-B2A8-7E41D4D82040}.Release|Any CPU.Build.0 = SampleDebug|x64
		{C8018515-EE4F-4BC5-B2A8-7E41D4D82040}.Release|x64.ActiveCfg = SampleDebug|x64
		{C8018515-EE4F-4BC5-B2A8-7E41D4D82040}.Release|x64.Build.0 = SampleDebug|x64
		{C8018515-EE4F-4BC5-B2A8-7E41D4D82040}.Release|x86.ActiveCfg = SampleDebug|x64
		{C8018515-EE4F-4BC5-B2A8-7E41D4D82040}.Release|x86.Build.0 = SampleDebug|x64
		{C8018515-EE4F-4BC5-B2A8-7E41D4D82040}.SampleDebug|Any CPU.ActiveCfg = SampleDebug|x64
		{C8018515-EE4F-4BC5-B2A8-7E41D4D82040}.SampleDebug|x64.ActiveCfg = SampleDebug|x64
		{C8018515-EE4F-4BC5-B2A8-7E41D4D82040}.SampleDebug|x64.Build.0 = SampleDebug|x64
		{C8018515-EE4F-4BC5-B2A8-7E41D4D82040}.SampleDebug|x86.ActiveCfg = SampleDebug|x64
		{3891038D-69B7-498E-89CE-4A9B6DF98997}.AdditiveDebug|Any CPU.ActiveCfg = SampleDebug|x64
		{3891038D-69B7-498E-89CE-4A9B6DF98997}.AdditiveDebug|Any CPU.Build.0 = SampleDebug|x64
		{3891038D-69B7-498E-89CE-4A9B6DF98997}.AdditiveDebug|x64.ActiveCfg = SampleDebug|x64
		{3891038D-69B7-498E-89CE-4A9B6DF98997}.AdditiveDebug|x64.Build.0 = SampleDebug|x64
		{3891038D-69B7-498E-89CE-4A9B6DF98997}.AdditiveDebug|x86.ActiveCfg = SampleDebug|x64
		{3891038D-69B7-498E-89CE-4A9B6DF98997}.AdditiveDebug|x86.Build.0 = SampleDebug|x64
		{3891038D-69B7-498E-89CE-4A9B6DF98997}.CoreDebug|Any CPU.ActiveCfg = SampleDebug|x64
		{3891038D-69B7-498E-89CE-4A9B6DF98997}.CoreDebug|Any CPU.Build.0 = SampleDebug|x64
		{3891038D-69B7-498E-89CE-4A9B6DF98997}.CoreDebug|x64.ActiveCfg = SampleDebug|x64
		{3891038D-69B7-498E-89CE-4A9B6DF98997}.CoreDebug|x64.Build.0 = SampleDebug|x64
		{3891038D-69B7-498E-89CE-4A9B6DF98997}.CoreDebug|x86.ActiveCfg = SampleDebug|x64
		{3891038D-69B7-498E-89CE-4A9B6DF98997}.CoreDebug|x86.Build.0 = SampleDebug|x64
		{3891038D-69B7-498E-89CE-4A9B6DF98997}.Debug|Any CPU.ActiveCfg = SampleDebug|x64
		{3891038D-69B7-498E-89CE-4A9B6DF98997}.Debug|Any CPU.Build.0 = SampleDebug|x64
		{3891038D-69B7-498E-89CE-4A9B6DF98997}.Debug|x64.ActiveCfg = SampleDebug|x64
		{3891038D-69B7-498E-89CE-4A9B6DF98997}.Debug|x64.Build.0 = SampleDebug|x64
		{3891038D-69B7-498E-89CE-4A9B6DF98997}.Debug|x86.ActiveCfg = SampleDebug|x64
		{3891038D-69B7-498E-89CE-4A9B6DF98997}.Debug|x86.Build.0 = SampleDebug|x64
		{3891038D-69B7-498E-89CE-4A9B6DF98997}.Release|Any CPU.ActiveCfg = SampleDebug|x64
		{3891038D-69B7-498E-89CE-4A9B6DF98997}.Release|Any CPU.Build.0 = SampleDebug|x64
		{3891038D-69B7-498E-89CE-4A9B6DF98997}.Release|x64.ActiveCfg = SampleDebug|x64
		{3891038D-69B7-498E-89CE-4A9B6DF98997}.Release|x64.Build.0 = SampleDebug|x64
		{3891038D-69B7-498E-89CE-4A9B6DF98997}.Release|x86.ActiveCfg = SampleDebug|x64
		{3891038D-69B7-498E-89CE-4A9B6DF98997}.Release|x86.Build.0 = SampleDebug|x64
		{3891038D-69B7-498E-89CE-4A9B6DF98997}.SampleDebug|Any CPU.ActiveCfg = SampleDebug|x64
		{3891038D-69B7-498E-89CE-4A9B6DF98997}.SampleDebug|x64.ActiveCfg = SampleDebug|x64
		{3891038D-69B7-498E-89CE-4A9B6DF98997}.SampleDebug|x64.Build.0 = SampleDebug|x64
		{3891038D-69B7-498E-89CE-4A9B6DF98997}.SampleDebug|x86.ActiveCfg = SampleDebug|x64
		{2DC8FCE7-0455-47A6-AD19-541F7525CCD0}.AdditiveDebug|Any CPU.ActiveCfg = SampleDebug|x64
		{2DC8FCE7-0455-47A6-AD19-541F7525CCD0}.AdditiveDebug|Any CPU.Build.0 = SampleDebug|x64
		{2DC8FCE7-0455-47A6-AD19-541F7525CCD0}.AdditiveDebug|x64.ActiveCfg = SampleDebug|x64
		{2DC8FCE7-0455-47A6-AD19-541F7525CCD0}.AdditiveDebug|x64.Build.0 = SampleDebug|x64
		{2DC8FCE7-0455-47A6-AD19-541F7525CCD0}.AdditiveDebug|x86.ActiveCfg = SampleDebug|x64
		{2DC8FCE7-0455-47A6-AD19-541F7525CCD0}.AdditiveDebug|x86.Build.0 = SampleDebug|x64
		{2DC8FCE7-0455-47A6-AD19-541F7525CCD0}.CoreDebug|Any CPU.ActiveCfg = SampleDebug|x64
		{2DC8FCE7-0455-47A6-AD19-541F7525CCD0}.CoreDebug|Any CPU.Build.0 = SampleDebug|x64
		{2DC8FCE7-0455-47A6-AD19-541F7525CCD0}.CoreDebug|x64.ActiveCfg = SampleDebug|x64
		{2DC8FCE7-0455-47A6-AD19-541F7525CCD0}.CoreDebug|x64.Build.0 = SampleDebug|x64
		{2DC8FCE7-0455-47A6-AD19-541F7525CCD0}.CoreDebug|x86.ActiveCfg = SampleDebug|x64
		{2DC8FCE7-0455-47A6-AD19-541F7525CCD0}.CoreDebug|x86.Build.0 = SampleDebug|x64
		{2DC8FCE7-0455-47A6-AD19-541F7525CCD0}.Debug|Any CPU.ActiveCfg = SampleDebug|x64
		{2DC8FCE7-0455-47A6-AD19-541F7525CCD0}.Debug|Any CPU.Build.0 = SampleDebug|x64
		{2DC8FCE7-0455-47A6-AD19-541F7525CCD0}.Debug|x64.ActiveCfg = SampleDebug|x64
		{2DC8FCE7-0455-47A6-AD19-541F7525CCD0}.Debug|x64.Build.0 = SampleDebug|x64
		{2DC8FCE7-0455-47A6-AD19-541F7525CCD0}.Debug|x86.ActiveCfg = SampleDebug|x64
		{2DC8FCE7-0455-47A6-AD19-541F7525CCD0}.Debug|x86.Build.0 = SampleDebug|x64
		{2DC8FCE7-0455-47A6-AD19-541F7525CCD0}.Release|Any CPU.ActiveCfg = SampleDebug|x64
		{2DC8FCE7-0455-47A6-AD19-541F7525CCD0}.Release|Any CPU.Build.0 = SampleDebug|x64
		{2DC8FCE7-0455-47A6-AD19-541F7525CCD0}.Release|x64.ActiveCfg = SampleDebug|x64
		{2DC8FCE7-0455-47A6-AD19-541F7525CCD0}.Release|x64.Build.0 = SampleDebug|x64
		{2DC8FCE7-0455-47A6-AD19-541F7525CCD0}.Release|x86.ActiveCfg = SampleDebug|x64
		{2DC8FCE7-0455-47A6-AD19-541F7525CCD0}.Release|x86.Build.0 = SampleDebug|x64
		{2DC8FCE7-0455-47A6-AD19-541F7525CCD0}.SampleDebug|Any CPU.ActiveCfg = SampleDebug|x64
		{2DC8FCE7-0455-47A6-AD19-541F7525CCD0}.SampleDebug|x64.ActiveCfg = SampleDebug|x64
		{2DC8FCE7-0455-47A6-AD19-541F7525CCD0}.SampleDebug|x64.Build.0 = SampleDebug|x64
		{2DC8FCE7-0455-47A6-AD19-541F7525CCD0}.SampleDebug|x86.ActiveCfg = SampleDebug|x64
	EndGlobalSection
	GlobalSection(SolutionProperties) = preSolution
		HideSolutionNode = FALSE
	EndGlobalSection
	GlobalSection(ExtensibilityGlobals) = postSolution
		SolutionGuid = {04E39C3F-867A-41F0-967C-4868A80CD126}
	EndGlobalSection
EndGlobal
