
Microsoft Visual Studio Solution File, Format Version 12.00
# Visual Studio Version 16
VisualStudioVersion = 16.0.29411.108
MinimumVisualStudioVersion = 10.0.40219.1
Project("{FAE04EC0-301F-11D3-BF4B-00C04F79EFBC}") = "ARESCore", "ARESCore\ARESCore.csproj", "{2733EB86-52B3-4D4B-8687-291F3205D9AF}"
EndProject
Project("{FAE04EC0-301F-11D3-BF4B-00C04F79EFBC}") = "AresAdditiveDevicesPlugin", "AresAdditiveDevicesPlugin\AresAdditiveDevicesPlugin.csproj", "{15333FD4-0923-4EDF-AFC9-828B1BEF92C9}"
EndProject
Project("{FAE04EC0-301F-11D3-BF4B-00C04F79EFBC}") = "AresAdditivePlanningPlugin", "AresAdditivePlanningPlugin\AresAdditivePlanningPlugin.csproj", "{E327E29E-E93A-4FD8-B571-F0E1D4AFEB68}"
EndProject
Project("{FAE04EC0-301F-11D3-BF4B-00C04F79EFBC}") = "AresAdditiveAnalysisPlugin", "AresAdditiveAnalysisPlugin\AresAdditiveAnalysisPlugin.csproj", "{2C391EB7-AC79-4337-AAA7-3FA97F9EB825}"
EndProject
Project("{FAE04EC0-301F-11D3-BF4B-00C04F79EFBC}") = "ARESDevicesPlugin", "ARESDevicesPlugin\ARESDevicesPlugin.csproj", "{05E501A7-A4B7-44BD-B0C9-E8C27E44E9B5}"
EndProject
Global
	GlobalSection(SolutionConfigurationPlatforms) = preSolution
		additive|Any CPU = additive|Any CPU
		additive|x64 = additive|x64
		additive|x86 = additive|x86
		AdditiveDebug|Any CPU = AdditiveDebug|Any CPU
		AdditiveDebug|x64 = AdditiveDebug|x64
		AdditiveDebug|x86 = AdditiveDebug|x86
		CNT|Any CPU = CNT|Any CPU
		CNT|x64 = CNT|x64
		CNT|x86 = CNT|x86
		CNTDebug|Any CPU = CNTDebug|Any CPU
		CNTDebug|x64 = CNTDebug|x64
		CNTDebug|x86 = CNTDebug|x86
		CoreDebug|Any CPU = CoreDebug|Any CPU
		CoreDebug|x64 = CoreDebug|x64
		CoreDebug|x86 = CoreDebug|x86
		Debug|Any CPU = Debug|Any CPU
		Debug|x64 = Debug|x64
		Debug|x86 = Debug|x86
		FC|Any CPU = FC|Any CPU
		FC|x64 = FC|x64
		FC|x86 = FC|x86
		Release|Any CPU = Release|Any CPU
		Release|x64 = Release|x64
		Release|x86 = Release|x86
	EndGlobalSection
	GlobalSection(ProjectConfigurationPlatforms) = postSolution
		{2733EB86-52B3-4D4B-8687-291F3205D9AF}.additive|Any CPU.ActiveCfg = additive|Any CPU
		{2733EB86-52B3-4D4B-8687-291F3205D9AF}.additive|Any CPU.Build.0 = additive|Any CPU
		{2733EB86-52B3-4D4B-8687-291F3205D9AF}.additive|x64.ActiveCfg = additive|x64
		{2733EB86-52B3-4D4B-8687-291F3205D9AF}.additive|x64.Build.0 = additive|x64
		{2733EB86-52B3-4D4B-8687-291F3205D9AF}.additive|x86.ActiveCfg = additive|Any CPU
		{2733EB86-52B3-4D4B-8687-291F3205D9AF}.additive|x86.Build.0 = additive|Any CPU
		{2733EB86-52B3-4D4B-8687-291F3205D9AF}.AdditiveDebug|Any CPU.ActiveCfg = AdditiveDebug|Any CPU
		{2733EB86-52B3-4D4B-8687-291F3205D9AF}.AdditiveDebug|Any CPU.Build.0 = AdditiveDebug|Any CPU
		{2733EB86-52B3-4D4B-8687-291F3205D9AF}.AdditiveDebug|x64.ActiveCfg = AdditiveDebug|x64
		{2733EB86-52B3-4D4B-8687-291F3205D9AF}.AdditiveDebug|x64.Build.0 = AdditiveDebug|x64
		{2733EB86-52B3-4D4B-8687-291F3205D9AF}.AdditiveDebug|x86.ActiveCfg = AdditiveDebug|Any CPU
		{2733EB86-52B3-4D4B-8687-291F3205D9AF}.AdditiveDebug|x86.Build.0 = AdditiveDebug|Any CPU
		{2733EB86-52B3-4D4B-8687-291F3205D9AF}.CNT|Any CPU.ActiveCfg = CNT|Any CPU
		{2733EB86-52B3-4D4B-8687-291F3205D9AF}.CNT|Any CPU.Build.0 = CNT|Any CPU
		{2733EB86-52B3-4D4B-8687-291F3205D9AF}.CNT|x64.ActiveCfg = CNT|x64
		{2733EB86-52B3-4D4B-8687-291F3205D9AF}.CNT|x64.Build.0 = CNT|x64
		{2733EB86-52B3-4D4B-8687-291F3205D9AF}.CNT|x86.ActiveCfg = CNT|Any CPU
		{2733EB86-52B3-4D4B-8687-291F3205D9AF}.CNT|x86.Build.0 = CNT|Any CPU
		{2733EB86-52B3-4D4B-8687-291F3205D9AF}.CNTDebug|Any CPU.ActiveCfg = CNTDebug|Any CPU
		{2733EB86-52B3-4D4B-8687-291F3205D9AF}.CNTDebug|Any CPU.Build.0 = CNTDebug|Any CPU
		{2733EB86-52B3-4D4B-8687-291F3205D9AF}.CNTDebug|x64.ActiveCfg = CNTDebug|x64
		{2733EB86-52B3-4D4B-8687-291F3205D9AF}.CNTDebug|x64.Build.0 = CNTDebug|x64
		{2733EB86-52B3-4D4B-8687-291F3205D9AF}.CNTDebug|x86.ActiveCfg = CNTDebug|Any CPU
		{2733EB86-52B3-4D4B-8687-291F3205D9AF}.CNTDebug|x86.Build.0 = CNTDebug|Any CPU
		{2733EB86-52B3-4D4B-8687-291F3205D9AF}.CoreDebug|Any CPU.ActiveCfg = CoreDebug|Any CPU
		{2733EB86-52B3-4D4B-8687-291F3205D9AF}.CoreDebug|Any CPU.Build.0 = CoreDebug|Any CPU
		{2733EB86-52B3-4D4B-8687-291F3205D9AF}.CoreDebug|x64.ActiveCfg = CoreDebug|x64
		{2733EB86-52B3-4D4B-8687-291F3205D9AF}.CoreDebug|x64.Build.0 = CoreDebug|x64
		{2733EB86-52B3-4D4B-8687-291F3205D9AF}.CoreDebug|x86.ActiveCfg = CoreDebug|Any CPU
		{2733EB86-52B3-4D4B-8687-291F3205D9AF}.CoreDebug|x86.Build.0 = CoreDebug|Any CPU
		{2733EB86-52B3-4D4B-8687-291F3205D9AF}.Debug|Any CPU.ActiveCfg = Debug|Any CPU
		{2733EB86-52B3-4D4B-8687-291F3205D9AF}.Debug|Any CPU.Build.0 = Debug|Any CPU
		{2733EB86-52B3-4D4B-8687-291F3205D9AF}.Debug|x64.ActiveCfg = Debug|x64
		{2733EB86-52B3-4D4B-8687-291F3205D9AF}.Debug|x64.Build.0 = Debug|x64
		{2733EB86-52B3-4D4B-8687-291F3205D9AF}.Debug|x86.ActiveCfg = Debug|Any CPU
		{2733EB86-52B3-4D4B-8687-291F3205D9AF}.Debug|x86.Build.0 = Debug|Any CPU
		{2733EB86-52B3-4D4B-8687-291F3205D9AF}.FC|Any CPU.ActiveCfg = FC|Any CPU
		{2733EB86-52B3-4D4B-8687-291F3205D9AF}.FC|Any CPU.Build.0 = FC|Any CPU
		{2733EB86-52B3-4D4B-8687-291F3205D9AF}.FC|x64.ActiveCfg = FC|x64
		{2733EB86-52B3-4D4B-8687-291F3205D9AF}.FC|x64.Build.0 = FC|x64
		{2733EB86-52B3-4D4B-8687-291F3205D9AF}.FC|x86.ActiveCfg = FC|Any CPU
		{2733EB86-52B3-4D4B-8687-291F3205D9AF}.FC|x86.Build.0 = FC|Any CPU
		{2733EB86-52B3-4D4B-8687-291F3205D9AF}.Release|Any CPU.ActiveCfg = Release|Any CPU
		{2733EB86-52B3-4D4B-8687-291F3205D9AF}.Release|Any CPU.Build.0 = Release|Any CPU
		{2733EB86-52B3-4D4B-8687-291F3205D9AF}.Release|x64.ActiveCfg = Release|Any CPU
		{2733EB86-52B3-4D4B-8687-291F3205D9AF}.Release|x64.Build.0 = Release|Any CPU
		{2733EB86-52B3-4D4B-8687-291F3205D9AF}.Release|x86.ActiveCfg = Release|Any CPU
		{2733EB86-52B3-4D4B-8687-291F3205D9AF}.Release|x86.Build.0 = Release|Any CPU
		{15333FD4-0923-4EDF-AFC9-828B1BEF92C9}.additive|Any CPU.ActiveCfg = additive|Any CPU
		{15333FD4-0923-4EDF-AFC9-828B1BEF92C9}.additive|Any CPU.Build.0 = additive|Any CPU
		{15333FD4-0923-4EDF-AFC9-828B1BEF92C9}.additive|x64.ActiveCfg = additive|x64
		{15333FD4-0923-4EDF-AFC9-828B1BEF92C9}.additive|x64.Build.0 = additive|x64
		{15333FD4-0923-4EDF-AFC9-828B1BEF92C9}.additive|x86.ActiveCfg = additive|x86
		{15333FD4-0923-4EDF-AFC9-828B1BEF92C9}.additive|x86.Build.0 = additive|x86
		{15333FD4-0923-4EDF-AFC9-828B1BEF92C9}.AdditiveDebug|Any CPU.ActiveCfg = AdditiveDebug|Any CPU
		{15333FD4-0923-4EDF-AFC9-828B1BEF92C9}.AdditiveDebug|Any CPU.Build.0 = AdditiveDebug|Any CPU
		{15333FD4-0923-4EDF-AFC9-828B1BEF92C9}.AdditiveDebug|x64.ActiveCfg = AdditiveDebug|x64
		{15333FD4-0923-4EDF-AFC9-828B1BEF92C9}.AdditiveDebug|x64.Build.0 = AdditiveDebug|x64
		{15333FD4-0923-4EDF-AFC9-828B1BEF92C9}.AdditiveDebug|x86.ActiveCfg = AdditiveDebug|x86
		{15333FD4-0923-4EDF-AFC9-828B1BEF92C9}.AdditiveDebug|x86.Build.0 = AdditiveDebug|x86
		{15333FD4-0923-4EDF-AFC9-828B1BEF92C9}.CNT|Any CPU.ActiveCfg = CNT|Any CPU
		{15333FD4-0923-4EDF-AFC9-828B1BEF92C9}.CNT|Any CPU.Build.0 = CNT|Any CPU
		{15333FD4-0923-4EDF-AFC9-828B1BEF92C9}.CNT|x64.ActiveCfg = CNT|x64
		{15333FD4-0923-4EDF-AFC9-828B1BEF92C9}.CNT|x64.Build.0 = CNT|x64
		{15333FD4-0923-4EDF-AFC9-828B1BEF92C9}.CNT|x86.ActiveCfg = CNT|x86
		{15333FD4-0923-4EDF-AFC9-828B1BEF92C9}.CNT|x86.Build.0 = CNT|x86
		{15333FD4-0923-4EDF-AFC9-828B1BEF92C9}.CNTDebug|Any CPU.ActiveCfg = CNTDebug|Any CPU
		{15333FD4-0923-4EDF-AFC9-828B1BEF92C9}.CNTDebug|x64.ActiveCfg = CNTDebug|x64
		{15333FD4-0923-4EDF-AFC9-828B1BEF92C9}.CNTDebug|x64.Build.0 = CNTDebug|x64
		{15333FD4-0923-4EDF-AFC9-828B1BEF92C9}.CNTDebug|x86.ActiveCfg = CNTDebug|x86
		{15333FD4-0923-4EDF-AFC9-828B1BEF92C9}.CNTDebug|x86.Build.0 = CNTDebug|x86
		{15333FD4-0923-4EDF-AFC9-828B1BEF92C9}.CoreDebug|Any CPU.ActiveCfg = CoreDebug|Any CPU
		{15333FD4-0923-4EDF-AFC9-828B1BEF92C9}.CoreDebug|x64.ActiveCfg = CoreDebug|x64
		{15333FD4-0923-4EDF-AFC9-828B1BEF92C9}.CoreDebug|x86.ActiveCfg = CoreDebug|x86
		{15333FD4-0923-4EDF-AFC9-828B1BEF92C9}.Debug|Any CPU.ActiveCfg = Debug|Any CPU
		{15333FD4-0923-4EDF-AFC9-828B1BEF92C9}.Debug|x64.ActiveCfg = Debug|x64
		{15333FD4-0923-4EDF-AFC9-828B1BEF92C9}.Debug|x64.Build.0 = Debug|x64
		{15333FD4-0923-4EDF-AFC9-828B1BEF92C9}.Debug|x86.ActiveCfg = Debug|x86
		{15333FD4-0923-4EDF-AFC9-828B1BEF92C9}.Debug|x86.Build.0 = Debug|x86
		{15333FD4-0923-4EDF-AFC9-828B1BEF92C9}.FC|Any CPU.ActiveCfg = FC|Any CPU
		{15333FD4-0923-4EDF-AFC9-828B1BEF92C9}.FC|Any CPU.Build.0 = FC|Any CPU
		{15333FD4-0923-4EDF-AFC9-828B1BEF92C9}.FC|x64.ActiveCfg = FC|x64
		{15333FD4-0923-4EDF-AFC9-828B1BEF92C9}.FC|x64.Build.0 = FC|x64
		{15333FD4-0923-4EDF-AFC9-828B1BEF92C9}.FC|x86.ActiveCfg = FC|x86
		{15333FD4-0923-4EDF-AFC9-828B1BEF92C9}.FC|x86.Build.0 = FC|x86
		{15333FD4-0923-4EDF-AFC9-828B1BEF92C9}.Release|Any CPU.ActiveCfg = Release|Any CPU
		{15333FD4-0923-4EDF-AFC9-828B1BEF92C9}.Release|Any CPU.Build.0 = Release|Any CPU
		{15333FD4-0923-4EDF-AFC9-828B1BEF92C9}.Release|x64.ActiveCfg = Release|x64
		{15333FD4-0923-4EDF-AFC9-828B1BEF92C9}.Release|x64.Build.0 = Release|x64
		{15333FD4-0923-4EDF-AFC9-828B1BEF92C9}.Release|x86.ActiveCfg = Release|x86
		{15333FD4-0923-4EDF-AFC9-828B1BEF92C9}.Release|x86.Build.0 = Release|x86
		{E327E29E-E93A-4FD8-B571-F0E1D4AFEB68}.additive|Any CPU.ActiveCfg = additive|Any CPU
		{E327E29E-E93A-4FD8-B571-F0E1D4AFEB68}.additive|Any CPU.Build.0 = additive|Any CPU
		{E327E29E-E93A-4FD8-B571-F0E1D4AFEB68}.additive|x64.ActiveCfg = additive|x64
		{E327E29E-E93A-4FD8-B571-F0E1D4AFEB68}.additive|x64.Build.0 = additive|x64
		{E327E29E-E93A-4FD8-B571-F0E1D4AFEB68}.additive|x86.ActiveCfg = additive|Any CPU
		{E327E29E-E93A-4FD8-B571-F0E1D4AFEB68}.additive|x86.Build.0 = additive|Any CPU
		{E327E29E-E93A-4FD8-B571-F0E1D4AFEB68}.AdditiveDebug|Any CPU.ActiveCfg = AdditiveDebug|Any CPU
		{E327E29E-E93A-4FD8-B571-F0E1D4AFEB68}.AdditiveDebug|Any CPU.Build.0 = AdditiveDebug|Any CPU
		{E327E29E-E93A-4FD8-B571-F0E1D4AFEB68}.AdditiveDebug|x64.ActiveCfg = AdditiveDebug|x64
		{E327E29E-E93A-4FD8-B571-F0E1D4AFEB68}.AdditiveDebug|x64.Build.0 = AdditiveDebug|x64
		{E327E29E-E93A-4FD8-B571-F0E1D4AFEB68}.AdditiveDebug|x86.ActiveCfg = AdditiveDebug|Any CPU
		{E327E29E-E93A-4FD8-B571-F0E1D4AFEB68}.AdditiveDebug|x86.Build.0 = AdditiveDebug|Any CPU
		{E327E29E-E93A-4FD8-B571-F0E1D4AFEB68}.CNT|Any CPU.ActiveCfg = CNT|Any CPU
		{E327E29E-E93A-4FD8-B571-F0E1D4AFEB68}.CNT|Any CPU.Build.0 = CNT|Any CPU
		{E327E29E-E93A-4FD8-B571-F0E1D4AFEB68}.CNT|x64.ActiveCfg = CNT|x64
		{E327E29E-E93A-4FD8-B571-F0E1D4AFEB68}.CNT|x64.Build.0 = CNT|x64
		{E327E29E-E93A-4FD8-B571-F0E1D4AFEB68}.CNT|x86.ActiveCfg = CNT|Any CPU
		{E327E29E-E93A-4FD8-B571-F0E1D4AFEB68}.CNT|x86.Build.0 = CNT|Any CPU
		{E327E29E-E93A-4FD8-B571-F0E1D4AFEB68}.CNTDebug|Any CPU.ActiveCfg = CNTDebug|Any CPU
		{E327E29E-E93A-4FD8-B571-F0E1D4AFEB68}.CNTDebug|x64.ActiveCfg = CNTDebug|x64
		{E327E29E-E93A-4FD8-B571-F0E1D4AFEB68}.CNTDebug|x64.Build.0 = CNTDebug|x64
		{E327E29E-E93A-4FD8-B571-F0E1D4AFEB68}.CNTDebug|x86.ActiveCfg = CNTDebug|Any CPU
		{E327E29E-E93A-4FD8-B571-F0E1D4AFEB68}.CNTDebug|x86.Build.0 = CNTDebug|Any CPU
		{E327E29E-E93A-4FD8-B571-F0E1D4AFEB68}.CoreDebug|Any CPU.ActiveCfg = CoreDebug|Any CPU
		{E327E29E-E93A-4FD8-B571-F0E1D4AFEB68}.CoreDebug|x64.ActiveCfg = CoreDebug|x64
		{E327E29E-E93A-4FD8-B571-F0E1D4AFEB68}.CoreDebug|x86.ActiveCfg = CoreDebug|Any CPU
		{E327E29E-E93A-4FD8-B571-F0E1D4AFEB68}.CoreDebug|x86.Build.0 = CoreDebug|Any CPU
		{E327E29E-E93A-4FD8-B571-F0E1D4AFEB68}.Debug|Any CPU.ActiveCfg = Debug|Any CPU
		{E327E29E-E93A-4FD8-B571-F0E1D4AFEB68}.Debug|x64.ActiveCfg = Debug|x64
		{E327E29E-E93A-4FD8-B571-F0E1D4AFEB68}.Debug|x64.Build.0 = Debug|x64
		{E327E29E-E93A-4FD8-B571-F0E1D4AFEB68}.Debug|x86.ActiveCfg = Debug|Any CPU
		{E327E29E-E93A-4FD8-B571-F0E1D4AFEB68}.Debug|x86.Build.0 = Debug|Any CPU
		{E327E29E-E93A-4FD8-B571-F0E1D4AFEB68}.FC|Any CPU.ActiveCfg = FC|Any CPU
		{E327E29E-E93A-4FD8-B571-F0E1D4AFEB68}.FC|Any CPU.Build.0 = FC|Any CPU
		{E327E29E-E93A-4FD8-B571-F0E1D4AFEB68}.FC|x64.ActiveCfg = FC|x64
		{E327E29E-E93A-4FD8-B571-F0E1D4AFEB68}.FC|x64.Build.0 = FC|x64
		{E327E29E-E93A-4FD8-B571-F0E1D4AFEB68}.FC|x86.ActiveCfg = FC|Any CPU
		{E327E29E-E93A-4FD8-B571-F0E1D4AFEB68}.FC|x86.Build.0 = FC|Any CPU
		{E327E29E-E93A-4FD8-B571-F0E1D4AFEB68}.Release|Any CPU.ActiveCfg = Release|Any CPU
		{E327E29E-E93A-4FD8-B571-F0E1D4AFEB68}.Release|Any CPU.Build.0 = Release|Any CPU
		{E327E29E-E93A-4FD8-B571-F0E1D4AFEB68}.Release|x64.ActiveCfg = Release|Any CPU
		{E327E29E-E93A-4FD8-B571-F0E1D4AFEB68}.Release|x64.Build.0 = Release|Any CPU
		{E327E29E-E93A-4FD8-B571-F0E1D4AFEB68}.Release|x86.ActiveCfg = Release|Any CPU
		{E327E29E-E93A-4FD8-B571-F0E1D4AFEB68}.Release|x86.Build.0 = Release|Any CPU
		{2C391EB7-AC79-4337-AAA7-3FA97F9EB825}.additive|Any CPU.ActiveCfg = additive|Any CPU
		{2C391EB7-AC79-4337-AAA7-3FA97F9EB825}.additive|Any CPU.Build.0 = additive|Any CPU
		{2C391EB7-AC79-4337-AAA7-3FA97F9EB825}.additive|x64.ActiveCfg = additive|x64
		{2C391EB7-AC79-4337-AAA7-3FA97F9EB825}.additive|x64.Build.0 = additive|x64
		{2C391EB7-AC79-4337-AAA7-3FA97F9EB825}.additive|x86.ActiveCfg = additive|Any CPU
		{2C391EB7-AC79-4337-AAA7-3FA97F9EB825}.additive|x86.Build.0 = additive|Any CPU
		{2C391EB7-AC79-4337-AAA7-3FA97F9EB825}.AdditiveDebug|Any CPU.ActiveCfg = AdditiveDebug|Any CPU
		{2C391EB7-AC79-4337-AAA7-3FA97F9EB825}.AdditiveDebug|Any CPU.Build.0 = AdditiveDebug|Any CPU
		{2C391EB7-AC79-4337-AAA7-3FA97F9EB825}.AdditiveDebug|x64.ActiveCfg = AdditiveDebug|x64
		{2C391EB7-AC79-4337-AAA7-3FA97F9EB825}.AdditiveDebug|x64.Build.0 = AdditiveDebug|x64
		{2C391EB7-AC79-4337-AAA7-3FA97F9EB825}.AdditiveDebug|x86.ActiveCfg = AdditiveDebug|Any CPU
		{2C391EB7-AC79-4337-AAA7-3FA97F9EB825}.AdditiveDebug|x86.Build.0 = AdditiveDebug|Any CPU
		{2C391EB7-AC79-4337-AAA7-3FA97F9EB825}.CNT|Any CPU.ActiveCfg = CNT|Any CPU
		{2C391EB7-AC79-4337-AAA7-3FA97F9EB825}.CNT|Any CPU.Build.0 = CNT|Any CPU
		{2C391EB7-AC79-4337-AAA7-3FA97F9EB825}.CNT|x64.ActiveCfg = CNT|x64
		{2C391EB7-AC79-4337-AAA7-3FA97F9EB825}.CNT|x64.Build.0 = CNT|x64
		{2C391EB7-AC79-4337-AAA7-3FA97F9EB825}.CNT|x86.ActiveCfg = CNT|Any CPU
		{2C391EB7-AC79-4337-AAA7-3FA97F9EB825}.CNT|x86.Build.0 = CNT|Any CPU
		{2C391EB7-AC79-4337-AAA7-3FA97F9EB825}.CNTDebug|Any CPU.ActiveCfg = CNTDebug|Any CPU
		{2C391EB7-AC79-4337-AAA7-3FA97F9EB825}.CNTDebug|x64.ActiveCfg = CNTDebug|x64
		{2C391EB7-AC79-4337-AAA7-3FA97F9EB825}.CNTDebug|x64.Build.0 = CNTDebug|x64
		{2C391EB7-AC79-4337-AAA7-3FA97F9EB825}.CNTDebug|x86.ActiveCfg = CNTDebug|Any CPU
		{2C391EB7-AC79-4337-AAA7-3FA97F9EB825}.CNTDebug|x86.Build.0 = CNTDebug|Any CPU
		{2C391EB7-AC79-4337-AAA7-3FA97F9EB825}.CoreDebug|Any CPU.ActiveCfg = CoreDebug|Any CPU
		{2C391EB7-AC79-4337-AAA7-3FA97F9EB825}.CoreDebug|x64.ActiveCfg = CoreDebug|x64
		{2C391EB7-AC79-4337-AAA7-3FA97F9EB825}.CoreDebug|x86.ActiveCfg = CoreDebug|Any CPU
		{2C391EB7-AC79-4337-AAA7-3FA97F9EB825}.CoreDebug|x86.Build.0 = CoreDebug|Any CPU
		{2C391EB7-AC79-4337-AAA7-3FA97F9EB825}.Debug|Any CPU.ActiveCfg = Debug|Any CPU
		{2C391EB7-AC79-4337-AAA7-3FA97F9EB825}.Debug|x64.ActiveCfg = Debug|x64
		{2C391EB7-AC79-4337-AAA7-3FA97F9EB825}.Debug|x64.Build.0 = Debug|x64
		{2C391EB7-AC79-4337-AAA7-3FA97F9EB825}.Debug|x86.ActiveCfg = Debug|Any CPU
		{2C391EB7-AC79-4337-AAA7-3FA97F9EB825}.Debug|x86.Build.0 = Debug|Any CPU
		{2C391EB7-AC79-4337-AAA7-3FA97F9EB825}.FC|Any CPU.ActiveCfg = FC|Any CPU
		{2C391EB7-AC79-4337-AAA7-3FA97F9EB825}.FC|Any CPU.Build.0 = FC|Any CPU
		{2C391EB7-AC79-4337-AAA7-3FA97F9EB825}.FC|x64.ActiveCfg = FC|x64
		{2C391EB7-AC79-4337-AAA7-3FA97F9EB825}.FC|x64.Build.0 = FC|x64
		{2C391EB7-AC79-4337-AAA7-3FA97F9EB825}.FC|x86.ActiveCfg = FC|Any CPU
		{2C391EB7-AC79-4337-AAA7-3FA97F9EB825}.FC|x86.Build.0 = FC|Any CPU
		{2C391EB7-AC79-4337-AAA7-3FA97F9EB825}.Release|Any CPU.ActiveCfg = Release|Any CPU
		{2C391EB7-AC79-4337-AAA7-3FA97F9EB825}.Release|Any CPU.Build.0 = Release|Any CPU
		{2C391EB7-AC79-4337-AAA7-3FA97F9EB825}.Release|x64.ActiveCfg = Release|Any CPU
		{2C391EB7-AC79-4337-AAA7-3FA97F9EB825}.Release|x64.Build.0 = Release|Any CPU
		{2C391EB7-AC79-4337-AAA7-3FA97F9EB825}.Release|x86.ActiveCfg = Release|Any CPU
		{2C391EB7-AC79-4337-AAA7-3FA97F9EB825}.Release|x86.Build.0 = Release|Any CPU
		{05E501A7-A4B7-44BD-B0C9-E8C27E44E9B5}.additive|Any CPU.ActiveCfg = additive|Any CPU
		{05E501A7-A4B7-44BD-B0C9-E8C27E44E9B5}.additive|Any CPU.Build.0 = additive|Any CPU
		{05E501A7-A4B7-44BD-B0C9-E8C27E44E9B5}.additive|x64.ActiveCfg = additive|x64
		{05E501A7-A4B7-44BD-B0C9-E8C27E44E9B5}.additive|x64.Build.0 = additive|x64
		{05E501A7-A4B7-44BD-B0C9-E8C27E44E9B5}.additive|x86.ActiveCfg = additive|x86
		{05E501A7-A4B7-44BD-B0C9-E8C27E44E9B5}.additive|x86.Build.0 = additive|x86
		{05E501A7-A4B7-44BD-B0C9-E8C27E44E9B5}.AdditiveDebug|Any CPU.ActiveCfg = AdditiveDebug|Any CPU
		{05E501A7-A4B7-44BD-B0C9-E8C27E44E9B5}.AdditiveDebug|x64.ActiveCfg = AdditiveDebug|x64
		{05E501A7-A4B7-44BD-B0C9-E8C27E44E9B5}.AdditiveDebug|x64.Build.0 = AdditiveDebug|x64
		{05E501A7-A4B7-44BD-B0C9-E8C27E44E9B5}.AdditiveDebug|x86.ActiveCfg = AdditiveDebug|x86
		{05E501A7-A4B7-44BD-B0C9-E8C27E44E9B5}.AdditiveDebug|x86.Build.0 = AdditiveDebug|x86
		{05E501A7-A4B7-44BD-B0C9-E8C27E44E9B5}.CNT|Any CPU.ActiveCfg = CNT|Any CPU
		{05E501A7-A4B7-44BD-B0C9-E8C27E44E9B5}.CNT|Any CPU.Build.0 = CNT|Any CPU
		{05E501A7-A4B7-44BD-B0C9-E8C27E44E9B5}.CNT|x64.ActiveCfg = CNT|x64
		{05E501A7-A4B7-44BD-B0C9-E8C27E44E9B5}.CNT|x64.Build.0 = CNT|x64
		{05E501A7-A4B7-44BD-B0C9-E8C27E44E9B5}.CNT|x86.ActiveCfg = CNT|x86
		{05E501A7-A4B7-44BD-B0C9-E8C27E44E9B5}.CNT|x86.Build.0 = CNT|x86
		{05E501A7-A4B7-44BD-B0C9-E8C27E44E9B5}.CNTDebug|Any CPU.ActiveCfg = CNTDebug|Any CPU
		{05E501A7-A4B7-44BD-B0C9-E8C27E44E9B5}.CNTDebug|Any CPU.Build.0 = CNTDebug|Any CPU
		{05E501A7-A4B7-44BD-B0C9-E8C27E44E9B5}.CNTDebug|x64.ActiveCfg = CNTDebug|x64
		{05E501A7-A4B7-44BD-B0C9-E8C27E44E9B5}.CNTDebug|x64.Build.0 = CNTDebug|x64
		{05E501A7-A4B7-44BD-B0C9-E8C27E44E9B5}.CNTDebug|x86.ActiveCfg = CNTDebug|x86
		{05E501A7-A4B7-44BD-B0C9-E8C27E44E9B5}.CNTDebug|x86.Build.0 = CNTDebug|x86
		{05E501A7-A4B7-44BD-B0C9-E8C27E44E9B5}.CoreDebug|Any CPU.ActiveCfg = CoreDebug|Any CPU
		{05E501A7-A4B7-44BD-B0C9-E8C27E44E9B5}.CoreDebug|Any CPU.Build.0 = CoreDebug|Any CPU
		{05E501A7-A4B7-44BD-B0C9-E8C27E44E9B5}.CoreDebug|x64.ActiveCfg = CoreDebug|x64
		{05E501A7-A4B7-44BD-B0C9-E8C27E44E9B5}.CoreDebug|x64.Build.0 = CoreDebug|x64
		{05E501A7-A4B7-44BD-B0C9-E8C27E44E9B5}.CoreDebug|x86.ActiveCfg = CoreDebug|x86
		{05E501A7-A4B7-44BD-B0C9-E8C27E44E9B5}.CoreDebug|x86.Build.0 = CoreDebug|x86
		{05E501A7-A4B7-44BD-B0C9-E8C27E44E9B5}.Debug|Any CPU.ActiveCfg = Debug|Any CPU
		{05E501A7-A4B7-44BD-B0C9-E8C27E44E9B5}.Debug|Any CPU.Build.0 = Debug|Any CPU
		{05E501A7-A4B7-44BD-B0C9-E8C27E44E9B5}.Debug|x64.ActiveCfg = Debug|x64
		{05E501A7-A4B7-44BD-B0C9-E8C27E44E9B5}.Debug|x64.Build.0 = Debug|x64
		{05E501A7-A4B7-44BD-B0C9-E8C27E44E9B5}.Debug|x86.ActiveCfg = Debug|x86
		{05E501A7-A4B7-44BD-B0C9-E8C27E44E9B5}.Debug|x86.Build.0 = Debug|x86
		{05E501A7-A4B7-44BD-B0C9-E8C27E44E9B5}.FC|Any CPU.ActiveCfg = FC|Any CPU
		{05E501A7-A4B7-44BD-B0C9-E8C27E44E9B5}.FC|Any CPU.Build.0 = FC|Any CPU
		{05E501A7-A4B7-44BD-B0C9-E8C27E44E9B5}.FC|x64.ActiveCfg = FC|x64
		{05E501A7-A4B7-44BD-B0C9-E8C27E44E9B5}.FC|x64.Build.0 = FC|x64
		{05E501A7-A4B7-44BD-B0C9-E8C27E44E9B5}.FC|x86.ActiveCfg = FC|x86
		{05E501A7-A4B7-44BD-B0C9-E8C27E44E9B5}.FC|x86.Build.0 = FC|x86
		{05E501A7-A4B7-44BD-B0C9-E8C27E44E9B5}.Release|Any CPU.ActiveCfg = Release|Any CPU
		{05E501A7-A4B7-44BD-B0C9-E8C27E44E9B5}.Release|Any CPU.Build.0 = Release|Any CPU
		{05E501A7-A4B7-44BD-B0C9-E8C27E44E9B5}.Release|x64.ActiveCfg = Release|x64
		{05E501A7-A4B7-44BD-B0C9-E8C27E44E9B5}.Release|x64.Build.0 = Release|x64
		{05E501A7-A4B7-44BD-B0C9-E8C27E44E9B5}.Release|x86.ActiveCfg = Release|x86
		{05E501A7-A4B7-44BD-B0C9-E8C27E44E9B5}.Release|x86.Build.0 = Release|x86
	EndGlobalSection
	GlobalSection(SolutionProperties) = preSolution
		HideSolutionNode = FALSE
	EndGlobalSection
	GlobalSection(ExtensibilityGlobals) = postSolution
		SolutionGuid = {04E39C3F-867A-41F0-967C-4868A80CD126}
	EndGlobalSection
EndGlobal
