
Microsoft Visual Studio Solution File, Format Version 12.00
# Visual Studio Version 16
VisualStudioVersion = 16.0.29411.108
MinimumVisualStudioVersion = 10.0.40219.1
Project("{FAE04EC0-301F-11D3-BF4B-00C04F79EFBC}") = "ARESCore", "ARESCore\ARESCore.csproj", "{2733EB86-52B3-4D4B-8687-291F3205D9AF}"
EndProject
Project("{FAE04EC0-301F-11D3-BF4B-00C04F79EFBC}") = "AresAdditiveDevicesPlugin", "AresAdditiveDevicesPlugin\AresAdditiveDevicesPlugin.csproj", "{15333FD4-0923-4EDF-AFC9-828B1BEF92C9}"
EndProject
Project("{FAE04EC0-301F-11D3-BF4B-00C04F79EFBC}") = "AresAdditivePlanningPlugin", "AresAdditivePlanningPlugin\AresAdditivePlanningPlugin.csproj", "{E327E29E-E93A-4FD8-B571-F0E1D4AFEB68}"
EndProject
Project("{FAE04EC0-301F-11D3-BF4B-00C04F79EFBC}") = "AresAdditiveAnalysisPlugin", "AresAdditiveAnalysisPlugin\AresAdditiveAnalysisPlugin.csproj", "{2C391EB7-AC79-4337-AAA7-3FA97F9EB825}"
EndProject
Project("{FAE04EC0-301F-11D3-BF4B-00C04F79EFBC}") = "ARESDevicesPlugin", "ARESDevicesPlugin\ARESDevicesPlugin.csproj", "{05E501A7-A4B7-44BD-B0C9-E8C27E44E9B5}"
EndProject
Project("{FAE04EC0-301F-11D3-BF4B-00C04F79EFBC}") = "ARESPlanningPlugin", "ARESPlanningPlugin\ARESPlanningPlugin.csproj", "{E4D178F9-22F3-4C01-99B0-5B7E239BA6BC}"
EndProject
Project("{FAE04EC0-301F-11D3-BF4B-00C04F79EFBC}") = "AresAnalysisPlugin", "ARESAnalysisPlugin\AresAnalysisPlugin.csproj", "{207AE938-263F-4E90-9363-8B724814B45A}"
EndProject
Global
	GlobalSection(SolutionConfigurationPlatforms) = preSolution
		additive|Any CPU = additive|Any CPU
		additive|x64 = additive|x64
		additive|x86 = additive|x86
		AdditiveDebug|Any CPU = AdditiveDebug|Any CPU
		AdditiveDebug|x64 = AdditiveDebug|x64
		AdditiveDebug|x86 = AdditiveDebug|x86
		CoreDebug|Any CPU = CoreDebug|Any CPU
		CoreDebug|x64 = CoreDebug|x64
		CoreDebug|x86 = CoreDebug|x86
		Debug|Any CPU = Debug|Any CPU
		Debug|x64 = Debug|x64
		Debug|x86 = Debug|x86
		Release|Any CPU = Release|Any CPU
		Release|x64 = Release|x64
		Release|x86 = Release|x86
	EndGlobalSection
	GlobalSection(ProjectConfigurationPlatforms) = postSolution
		{2733EB86-52B3-4D4B-8687-291F3205D9AF}.additive|Any CPU.ActiveCfg = additive|Any CPU
		{2733EB86-52B3-4D4B-8687-291F3205D9AF}.additive|Any CPU.Build.0 = additive|Any CPU
		{2733EB86-52B3-4D4B-8687-291F3205D9AF}.additive|x64.ActiveCfg = additive|x64
		{2733EB86-52B3-4D4B-8687-291F3205D9AF}.additive|x64.Build.0 = additive|x64
		{2733EB86-52B3-4D4B-8687-291F3205D9AF}.additive|x86.ActiveCfg = additive|Any CPU
		{2733EB86-52B3-4D4B-8687-291F3205D9AF}.additive|x86.Build.0 = additive|Any CPU
		{2733EB86-52B3-4D4B-8687-291F3205D9AF}.AdditiveDebug|Any CPU.ActiveCfg = AdditiveDebug|Any CPU
		{2733EB86-52B3-4D4B-8687-291F3205D9AF}.AdditiveDebug|Any CPU.Build.0 = AdditiveDebug|Any CPU
		{2733EB86-52B3-4D4B-8687-291F3205D9AF}.AdditiveDebug|x64.ActiveCfg = AdditiveDebug|x64
		{2733EB86-52B3-4D4B-8687-291F3205D9AF}.AdditiveDebug|x64.Build.0 = AdditiveDebug|x64
		{2733EB86-52B3-4D4B-8687-291F3205D9AF}.AdditiveDebug|x86.ActiveCfg = AdditiveDebug|Any CPU
		{2733EB86-52B3-4D4B-8687-291F3205D9AF}.AdditiveDebug|x86.Build.0 = AdditiveDebug|Any CPU
		{2733EB86-52B3-4D4B-8687-291F3205D9AF}.CoreDebug|Any CPU.ActiveCfg = CoreDebug|Any CPU
		{2733EB86-52B3-4D4B-8687-291F3205D9AF}.CoreDebug|Any CPU.Build.0 = CoreDebug|Any CPU
		{2733EB86-52B3-4D4B-8687-291F3205D9AF}.CoreDebug|x64.ActiveCfg = CoreDebug|x64
		{2733EB86-52B3-4D4B-8687-291F3205D9AF}.CoreDebug|x64.Build.0 = CoreDebug|x64
		{2733EB86-52B3-4D4B-8687-291F3205D9AF}.CoreDebug|x86.ActiveCfg = CoreDebug|Any CPU
		{2733EB86-52B3-4D4B-8687-291F3205D9AF}.CoreDebug|x86.Build.0 = CoreDebug|Any CPU
		{2733EB86-52B3-4D4B-8687-291F3205D9AF}.Debug|Any CPU.ActiveCfg = Debug|Any CPU
		{2733EB86-52B3-4D4B-8687-291F3205D9AF}.Debug|Any CPU.Build.0 = Debug|Any CPU
		{2733EB86-52B3-4D4B-8687-291F3205D9AF}.Debug|x64.ActiveCfg = Debug|x64
		{2733EB86-52B3-4D4B-8687-291F3205D9AF}.Debug|x64.Build.0 = Debug|x64
		{2733EB86-52B3-4D4B-8687-291F3205D9AF}.Debug|x86.ActiveCfg = Debug|Any CPU
		{2733EB86-52B3-4D4B-8687-291F3205D9AF}.Debug|x86.Build.0 = Debug|Any CPU
		{2733EB86-52B3-4D4B-8687-291F3205D9AF}.Release|Any CPU.ActiveCfg = Release|Any CPU
		{2733EB86-52B3-4D4B-8687-291F3205D9AF}.Release|Any CPU.Build.0 = Release|Any CPU
		{2733EB86-52B3-4D4B-8687-291F3205D9AF}.Release|x64.ActiveCfg = Release|Any CPU
		{2733EB86-52B3-4D4B-8687-291F3205D9AF}.Release|x64.Build.0 = Release|Any CPU
		{2733EB86-52B3-4D4B-8687-291F3205D9AF}.Release|x86.ActiveCfg = Release|Any CPU
		{2733EB86-52B3-4D4B-8687-291F3205D9AF}.Release|x86.Build.0 = Release|Any CPU
		{15333FD4-0923-4EDF-AFC9-828B1BEF92C9}.additive|Any CPU.ActiveCfg = additive|Any CPU
		{15333FD4-0923-4EDF-AFC9-828B1BEF92C9}.additive|Any CPU.Build.0 = additive|Any CPU
		{15333FD4-0923-4EDF-AFC9-828B1BEF92C9}.additive|x64.ActiveCfg = additive|x64
		{15333FD4-0923-4EDF-AFC9-828B1BEF92C9}.additive|x64.Build.0 = additive|x64
		{15333FD4-0923-4EDF-AFC9-828B1BEF92C9}.additive|x86.ActiveCfg = additive|x86
		{15333FD4-0923-4EDF-AFC9-828B1BEF92C9}.additive|x86.Build.0 = additive|x86
		{15333FD4-0923-4EDF-AFC9-828B1BEF92C9}.AdditiveDebug|Any CPU.ActiveCfg = AdditiveDebug|Any CPU
		{15333FD4-0923-4EDF-AFC9-828B1BEF92C9}.AdditiveDebug|Any CPU.Build.0 = AdditiveDebug|Any CPU
		{15333FD4-0923-4EDF-AFC9-828B1BEF92C9}.AdditiveDebug|x64.ActiveCfg = AdditiveDebug|x64
		{15333FD4-0923-4EDF-AFC9-828B1BEF92C9}.AdditiveDebug|x64.Build.0 = AdditiveDebug|x64
		{15333FD4-0923-4EDF-AFC9-828B1BEF92C9}.AdditiveDebug|x86.ActiveCfg = AdditiveDebug|x86
		{15333FD4-0923-4EDF-AFC9-828B1BEF92C9}.AdditiveDebug|x86.Build.0 = AdditiveDebug|x86
		{15333FD4-0923-4EDF-AFC9-828B1BEF92C9}.CoreDebug|Any CPU.ActiveCfg = CoreDebug|Any CPU
		{15333FD4-0923-4EDF-AFC9-828B1BEF92C9}.CoreDebug|x64.ActiveCfg = CoreDebug|x64
		{15333FD4-0923-4EDF-AFC9-828B1BEF92C9}.CoreDebug|x86.ActiveCfg = CoreDebug|x86
		{15333FD4-0923-4EDF-AFC9-828B1BEF92C9}.Debug|Any CPU.ActiveCfg = Debug|Any CPU
		{15333FD4-0923-4EDF-AFC9-828B1BEF92C9}.Debug|x64.ActiveCfg = Debug|x64
		{15333FD4-0923-4EDF-AFC9-828B1BEF92C9}.Debug|x86.ActiveCfg = Debug|x86
		{15333FD4-0923-4EDF-AFC9-828B1BEF92C9}.Debug|x86.Build.0 = Debug|x86
		{15333FD4-0923-4EDF-AFC9-828B1BEF92C9}.Release|Any CPU.ActiveCfg = Release|Any CPU
		{15333FD4-0923-4EDF-AFC9-828B1BEF92C9}.Release|x64.ActiveCfg = Release|x64
		{15333FD4-0923-4EDF-AFC9-828B1BEF92C9}.Release|x64.Build.0 = Release|x64
		{15333FD4-0923-4EDF-AFC9-828B1BEF92C9}.Release|x86.ActiveCfg = Release|x86
		{15333FD4-0923-4EDF-AFC9-828B1BEF92C9}.Release|x86.Build.0 = Release|x86
		{E327E29E-E93A-4FD8-B571-F0E1D4AFEB68}.additive|Any CPU.ActiveCfg = additive|Any CPU
		{E327E29E-E93A-4FD8-B571-F0E1D4AFEB68}.additive|Any CPU.Build.0 = additive|Any CPU
		{E327E29E-E93A-4FD8-B571-F0E1D4AFEB68}.additive|x64.ActiveCfg = additive|x64
		{E327E29E-E93A-4FD8-B571-F0E1D4AFEB68}.additive|x64.Build.0 = additive|x64
		{E327E29E-E93A-4FD8-B571-F0E1D4AFEB68}.additive|x86.ActiveCfg = additive|Any CPU
		{E327E29E-E93A-4FD8-B571-F0E1D4AFEB68}.additive|x86.Build.0 = additive|Any CPU
		{E327E29E-E93A-4FD8-B571-F0E1D4AFEB68}.AdditiveDebug|Any CPU.ActiveCfg = AdditiveDebug|Any CPU
		{E327E29E-E93A-4FD8-B571-F0E1D4AFEB68}.AdditiveDebug|Any CPU.Build.0 = AdditiveDebug|Any CPU
		{E327E29E-E93A-4FD8-B571-F0E1D4AFEB68}.AdditiveDebug|x64.ActiveCfg = AdditiveDebug|x64
		{E327E29E-E93A-4FD8-B571-F0E1D4AFEB68}.AdditiveDebug|x64.Build.0 = AdditiveDebug|x64
		{E327E29E-E93A-4FD8-B571-F0E1D4AFEB68}.AdditiveDebug|x86.ActiveCfg = AdditiveDebug|Any CPU
		{E327E29E-E93A-4FD8-B571-F0E1D4AFEB68}.AdditiveDebug|x86.Build.0 = AdditiveDebug|Any CPU
		{E327E29E-E93A-4FD8-B571-F0E1D4AFEB68}.CoreDebug|Any CPU.ActiveCfg = CoreDebug|Any CPU
		{E327E29E-E93A-4FD8-B571-F0E1D4AFEB68}.CoreDebug|x64.ActiveCfg = CoreDebug|x64
		{E327E29E-E93A-4FD8-B571-F0E1D4AFEB68}.CoreDebug|x86.ActiveCfg = CoreDebug|Any CPU
		{E327E29E-E93A-4FD8-B571-F0E1D4AFEB68}.CoreDebug|x86.Build.0 = CoreDebug|Any CPU
		{E327E29E-E93A-4FD8-B571-F0E1D4AFEB68}.Debug|Any CPU.ActiveCfg = Debug|Any CPU
		{E327E29E-E93A-4FD8-B571-F0E1D4AFEB68}.Debug|x64.ActiveCfg = Debug|x64
		{E327E29E-E93A-4FD8-B571-F0E1D4AFEB68}.Debug|x86.ActiveCfg = Debug|Any CPU
		{E327E29E-E93A-4FD8-B571-F0E1D4AFEB68}.Debug|x86.Build.0 = Debug|Any CPU
		{E327E29E-E93A-4FD8-B571-F0E1D4AFEB68}.Release|Any CPU.ActiveCfg = Release|Any CPU
		{E327E29E-E93A-4FD8-B571-F0E1D4AFEB68}.Release|x64.ActiveCfg = Release|Any CPU
		{E327E29E-E93A-4FD8-B571-F0E1D4AFEB68}.Release|x64.Build.0 = Release|Any CPU
		{E327E29E-E93A-4FD8-B571-F0E1D4AFEB68}.Release|x86.ActiveCfg = Release|Any CPU
		{E327E29E-E93A-4FD8-B571-F0E1D4AFEB68}.Release|x86.Build.0 = Release|Any CPU
		{2C391EB7-AC79-4337-AAA7-3FA97F9EB825}.additive|Any CPU.ActiveCfg = additive|Any CPU
		{2C391EB7-AC79-4337-AAA7-3FA97F9EB825}.additive|Any CPU.Build.0 = additive|Any CPU
		{2C391EB7-AC79-4337-AAA7-3FA97F9EB825}.additive|x64.ActiveCfg = additive|x64
		{2C391EB7-AC79-4337-AAA7-3FA97F9EB825}.additive|x64.Build.0 = additive|x64
		{2C391EB7-AC79-4337-AAA7-3FA97F9EB825}.additive|x86.ActiveCfg = additive|Any CPU
		{2C391EB7-AC79-4337-AAA7-3FA97F9EB825}.additive|x86.Build.0 = additive|Any CPU
		{2C391EB7-AC79-4337-AAA7-3FA97F9EB825}.AdditiveDebug|Any CPU.ActiveCfg = AdditiveDebug|Any CPU
		{2C391EB7-AC79-4337-AAA7-3FA97F9EB825}.AdditiveDebug|Any CPU.Build.0 = AdditiveDebug|Any CPU
		{2C391EB7-AC79-4337-AAA7-3FA97F9EB825}.AdditiveDebug|x64.ActiveCfg = AdditiveDebug|x64
		{2C391EB7-AC79-4337-AAA7-3FA97F9EB825}.AdditiveDebug|x64.Build.0 = AdditiveDebug|x64
		{2C391EB7-AC79-4337-AAA7-3FA97F9EB825}.AdditiveDebug|x86.ActiveCfg = AdditiveDebug|Any CPU
		{2C391EB7-AC79-4337-AAA7-3FA97F9EB825}.AdditiveDebug|x86.Build.0 = AdditiveDebug|Any CPU
		{2C391EB7-AC79-4337-AAA7-3FA97F9EB825}.CoreDebug|Any CPU.ActiveCfg = CoreDebug|Any CPU
		{2C391EB7-AC79-4337-AAA7-3FA97F9EB825}.CoreDebug|x64.ActiveCfg = CoreDebug|x64
		{2C391EB7-AC79-4337-AAA7-3FA97F9EB825}.CoreDebug|x86.ActiveCfg = CoreDebug|Any CPU
		{2C391EB7-AC79-4337-AAA7-3FA97F9EB825}.CoreDebug|x86.Build.0 = CoreDebug|Any CPU
		{2C391EB7-AC79-4337-AAA7-3FA97F9EB825}.Debug|Any CPU.ActiveCfg = Debug|Any CPU
		{2C391EB7-AC79-4337-AAA7-3FA97F9EB825}.Debug|x64.ActiveCfg = Debug|x64
		{2C391EB7-AC79-4337-AAA7-3FA97F9EB825}.Debug|x86.ActiveCfg = Debug|Any CPU
		{2C391EB7-AC79-4337-AAA7-3FA97F9EB825}.Debug|x86.Build.0 = Debug|Any CPU
		{2C391EB7-AC79-4337-AAA7-3FA97F9EB825}.Release|Any CPU.ActiveCfg = Release|Any CPU
		{2C391EB7-AC79-4337-AAA7-3FA97F9EB825}.Release|x64.ActiveCfg = Release|Any CPU
		{2C391EB7-AC79-4337-AAA7-3FA97F9EB825}.Release|x64.Build.0 = Release|Any CPU
		{2C391EB7-AC79-4337-AAA7-3FA97F9EB825}.Release|x86.ActiveCfg = Release|Any CPU
		{2C391EB7-AC79-4337-AAA7-3FA97F9EB825}.Release|x86.Build.0 = Release|Any CPU
		{05E501A7-A4B7-44BD-B0C9-E8C27E44E9B5}.additive|Any CPU.ActiveCfg = additive|Any CPU
		{05E501A7-A4B7-44BD-B0C9-E8C27E44E9B5}.additive|x64.ActiveCfg = additive|x64
		{05E501A7-A4B7-44BD-B0C9-E8C27E44E9B5}.additive|x64.Build.0 = additive|x64
		{05E501A7-A4B7-44BD-B0C9-E8C27E44E9B5}.additive|x86.ActiveCfg = additive|x86
		{05E501A7-A4B7-44BD-B0C9-E8C27E44E9B5}.additive|x86.Build.0 = additive|x86
		{05E501A7-A4B7-44BD-B0C9-E8C27E44E9B5}.AdditiveDebug|Any CPU.ActiveCfg = AdditiveDebug|Any CPU
		{05E501A7-A4B7-44BD-B0C9-E8C27E44E9B5}.AdditiveDebug|x64.ActiveCfg = AdditiveDebug|x64
		{05E501A7-A4B7-44BD-B0C9-E8C27E44E9B5}.AdditiveDebug|x86.ActiveCfg = AdditiveDebug|x86
		{05E501A7-A4B7-44BD-B0C9-E8C27E44E9B5}.AdditiveDebug|x86.Build.0 = AdditiveDebug|x86
		{05E501A7-A4B7-44BD-B0C9-E8C27E44E9B5}.CoreDebug|Any CPU.ActiveCfg = CoreDebug|Any CPU
		{05E501A7-A4B7-44BD-B0C9-E8C27E44E9B5}.CoreDebug|x64.ActiveCfg = CoreDebug|x64
		{05E501A7-A4B7-44BD-B0C9-E8C27E44E9B5}.CoreDebug|x64.Build.0 = CoreDebug|x64
		{05E501A7-A4B7-44BD-B0C9-E8C27E44E9B5}.CoreDebug|x86.ActiveCfg = CoreDebug|x86
		{05E501A7-A4B7-44BD-B0C9-E8C27E44E9B5}.CoreDebug|x86.Build.0 = CoreDebug|x86
		{05E501A7-A4B7-44BD-B0C9-E8C27E44E9B5}.Debug|Any CPU.ActiveCfg = Debug|Any CPU
		{05E501A7-A4B7-44BD-B0C9-E8C27E44E9B5}.Debug|Any CPU.Build.0 = Debug|Any CPU
		{05E501A7-A4B7-44BD-B0C9-E8C27E44E9B5}.Debug|x64.ActiveCfg = Debug|x64
		{05E501A7-A4B7-44BD-B0C9-E8C27E44E9B5}.Debug|x64.Build.0 = Debug|x64
		{05E501A7-A4B7-44BD-B0C9-E8C27E44E9B5}.Debug|x86.ActiveCfg = Debug|x86
		{05E501A7-A4B7-44BD-B0C9-E8C27E44E9B5}.Debug|x86.Build.0 = Debug|x86
		{05E501A7-A4B7-44BD-B0C9-E8C27E44E9B5}.Release|Any CPU.ActiveCfg = Release|Any CPU
		{05E501A7-A4B7-44BD-B0C9-E8C27E44E9B5}.Release|Any CPU.Build.0 = Release|Any CPU
		{05E501A7-A4B7-44BD-B0C9-E8C27E44E9B5}.Release|x64.ActiveCfg = Release|x64
		{05E501A7-A4B7-44BD-B0C9-E8C27E44E9B5}.Release|x64.Build.0 = Release|x64
		{05E501A7-A4B7-44BD-B0C9-E8C27E44E9B5}.Release|x86.ActiveCfg = Release|x86
		{05E501A7-A4B7-44BD-B0C9-E8C27E44E9B5}.Release|x86.Build.0 = Release|x86
		{E4D178F9-22F3-4C01-99B0-5B7E239BA6BC}.additive|Any CPU.ActiveCfg = additive|Any CPU
		{E4D178F9-22F3-4C01-99B0-5B7E239BA6BC}.additive|x64.ActiveCfg = additive|x64
		{E4D178F9-22F3-4C01-99B0-5B7E239BA6BC}.additive|x64.Build.0 = additive|x64
		{E4D178F9-22F3-4C01-99B0-5B7E239BA6BC}.additive|x86.ActiveCfg = additive|Any CPU
		{E4D178F9-22F3-4C01-99B0-5B7E239BA6BC}.additive|x86.Build.0 = additive|Any CPU
		{E4D178F9-22F3-4C01-99B0-5B7E239BA6BC}.AdditiveDebug|Any CPU.ActiveCfg = AdditiveDebug|Any CPU
		{E4D178F9-22F3-4C01-99B0-5B7E239BA6BC}.AdditiveDebug|Any CPU.Build.0 = AdditiveDebug|Any CPU
		{E4D178F9-22F3-4C01-99B0-5B7E239BA6BC}.AdditiveDebug|x64.ActiveCfg = AdditiveDebug|x64
		{E4D178F9-22F3-4C01-99B0-5B7E239BA6BC}.AdditiveDebug|x86.ActiveCfg = AdditiveDebug|Any CPU
		{E4D178F9-22F3-4C01-99B0-5B7E239BA6BC}.AdditiveDebug|x86.Build.0 = AdditiveDebug|Any CPU
		{E4D178F9-22F3-4C01-99B0-5B7E239BA6BC}.CoreDebug|Any CPU.ActiveCfg = Debug|Any CPU
		{E4D178F9-22F3-4C01-99B0-5B7E239BA6BC}.CoreDebug|x64.ActiveCfg = Debug|x64
		{E4D178F9-22F3-4C01-99B0-5B7E239BA6BC}.CoreDebug|x64.Build.0 = Debug|x64
		{E4D178F9-22F3-4C01-99B0-5B7E239BA6BC}.CoreDebug|x86.ActiveCfg = Debug|Any CPU
		{E4D178F9-22F3-4C01-99B0-5B7E239BA6BC}.CoreDebug|x86.Build.0 = Debug|Any CPU
		{E4D178F9-22F3-4C01-99B0-5B7E239BA6BC}.Debug|Any CPU.ActiveCfg = Debug|Any CPU
		{E4D178F9-22F3-4C01-99B0-5B7E239BA6BC}.Debug|Any CPU.Build.0 = Debug|Any CPU
		{E4D178F9-22F3-4C01-99B0-5B7E239BA6BC}.Debug|x64.ActiveCfg = Debug|x64
		{E4D178F9-22F3-4C01-99B0-5B7E239BA6BC}.Debug|x64.Build.0 = Debug|x64
		{E4D178F9-22F3-4C01-99B0-5B7E239BA6BC}.Debug|x86.ActiveCfg = Debug|Any CPU
		{E4D178F9-22F3-4C01-99B0-5B7E239BA6BC}.Debug|x86.Build.0 = Debug|Any CPU
		{E4D178F9-22F3-4C01-99B0-5B7E239BA6BC}.Release|Any CPU.ActiveCfg = Release|Any CPU
		{E4D178F9-22F3-4C01-99B0-5B7E239BA6BC}.Release|Any CPU.Build.0 = Release|Any CPU
		{E4D178F9-22F3-4C01-99B0-5B7E239BA6BC}.Release|x64.ActiveCfg = Release|x64
		{E4D178F9-22F3-4C01-99B0-5B7E239BA6BC}.Release|x64.Build.0 = Release|x64
		{E4D178F9-22F3-4C01-99B0-5B7E239BA6BC}.Release|x86.ActiveCfg = Release|Any CPU
		{E4D178F9-22F3-4C01-99B0-5B7E239BA6BC}.Release|x86.Build.0 = Release|Any CPU
		{207AE938-263F-4E90-9363-8B724814B45A}.additive|Any CPU.ActiveCfg = additive|Any CPU
		{207AE938-263F-4E90-9363-8B724814B45A}.additive|x64.ActiveCfg = additive|x64
		{207AE938-263F-4E90-9363-8B724814B45A}.additive|x64.Build.0 = additive|x64
		{207AE938-263F-4E90-9363-8B724814B45A}.additive|x86.ActiveCfg = additive|Any CPU
		{207AE938-263F-4E90-9363-8B724814B45A}.additive|x86.Build.0 = additive|Any CPU
		{207AE938-263F-4E90-9363-8B724814B45A}.AdditiveDebug|Any CPU.ActiveCfg = AdditiveDebug|Any CPU
		{207AE938-263F-4E90-9363-8B724814B45A}.AdditiveDebug|Any CPU.Build.0 = AdditiveDebug|Any CPU
		{207AE938-263F-4E90-9363-8B724814B45A}.AdditiveDebug|x64.ActiveCfg = AdditiveDebug|x64
		{207AE938-263F-4E90-9363-8B724814B45A}.AdditiveDebug|x86.ActiveCfg = AdditiveDebug|Any CPU
		{207AE938-263F-4E90-9363-8B724814B45A}.AdditiveDebug|x86.Build.0 = AdditiveDebug|Any CPU
		{207AE938-263F-4E90-9363-8B724814B45A}.CoreDebug|Any CPU.ActiveCfg = Debug|Any CPU
		{207AE938-263F-4E90-9363-8B724814B45A}.CoreDebug|x64.ActiveCfg = Debug|x64
		{207AE938-263F-4E90-9363-8B724814B45A}.CoreDebug|x64.Build.0 = Debug|x64
		{207AE938-263F-4E90-9363-8B724814B45A}.CoreDebug|x86.ActiveCfg = Debug|Any CPU
		{207AE938-263F-4E90-9363-8B724814B45A}.CoreDebug|x86.Build.0 = Debug|Any CPU
		{207AE938-263F-4E90-9363-8B724814B45A}.Debug|Any CPU.ActiveCfg = Debug|Any CPU
		{207AE938-263F-4E90-9363-8B724814B45A}.Debug|Any CPU.Build.0 = Debug|Any CPU
		{207AE938-263F-4E90-9363-8B724814B45A}.Debug|x64.ActiveCfg = Debug|x64
		{207AE938-263F-4E90-9363-8B724814B45A}.Debug|x64.Build.0 = Debug|x64
		{207AE938-263F-4E90-9363-8B724814B45A}.Debug|x86.ActiveCfg = Debug|Any CPU
		{207AE938-263F-4E90-9363-8B724814B45A}.Debug|x86.Build.0 = Debug|Any CPU
		{207AE938-263F-4E90-9363-8B724814B45A}.Release|Any CPU.ActiveCfg = Release|Any CPU
		{207AE938-263F-4E90-9363-8B724814B45A}.Release|Any CPU.Build.0 = Release|Any CPU
		{207AE938-263F-4E90-9363-8B724814B45A}.Release|x64.ActiveCfg = Release|x64
		{207AE938-263F-4E90-9363-8B724814B45A}.Release|x64.Build.0 = Release|x64
		{207AE938-263F-4E90-9363-8B724814B45A}.Release|x86.ActiveCfg = Release|Any CPU
		{207AE938-263F-4E90-9363-8B724814B45A}.Release|x86.Build.0 = Release|Any CPU
	EndGlobalSection
	GlobalSection(SolutionProperties) = preSolution
		HideSolutionNode = FALSE
	EndGlobalSection
	GlobalSection(ExtensibilityGlobals) = postSolution
		SolutionGuid = {04E39C3F-867A-41F0-967C-4868A80CD126}
	EndGlobalSection
EndGlobal
